
Microsoft Visual Studio Solution File, Format Version 12.00
# Visual Studio Version 16
VisualStudioVersion = 16.0.29905.134
MinimumVisualStudioVersion = 10.0.40219.1
Project("{FAE04EC0-301F-11D3-BF4B-00C04F79EFBC}") = "Proyecto POO", "Proyecto POO\Proyecto POO.csproj", "{32A79BEA-824D-4C88-8A2F-9A58F0FB9813}"
EndProject
Global
	GlobalSection(SolutionConfigurationPlatforms) = preSolution
		Debug|Any CPU = Debug|Any CPU
		Release|Any CPU = Release|Any CPU
	EndGlobalSection
	GlobalSection(ProjectConfigurationPlatforms) = postSolution
		{32A79BEA-824D-4C88-8A2F-9A58F0FB9813}.Debug|Any CPU.ActiveCfg = Debug|Any CPU
		{32A79BEA-824D-4C88-8A2F-9A58F0FB9813}.Debug|Any CPU.Build.0 = Debug|Any CPU
		{32A79BEA-824D-4C88-8A2F-9A58F0FB9813}.Release|Any CPU.ActiveCfg = Release|Any CPU
		{32A79BEA-824D-4C88-8A2F-9A58F0FB9813}.Release|Any CPU.Build.0 = Release|Any CPU
	EndGlobalSection
	GlobalSection(SolutionProperties) = preSolution
		HideSolutionNode = FALSE
	EndGlobalSection
	GlobalSection(ExtensibilityGlobals) = postSolution
		SolutionGuid = {F555752B-121A-4DDB-A729-C926F6EA1835}
	EndGlobalSection
EndGlobal
